
Microsoft Visual Studio Solution File, Format Version 12.00
Project("{FAE04EC0-301F-11D3-BF4B-00C04F79EFBC}") = "Test2CreateApi", "Test2CreateApi\Test2CreateApi.csproj", "{77594269-D1C9-4C09-9094-1FC78809516C}"
EndProject
Global
	GlobalSection(SolutionConfigurationPlatforms) = preSolution
		Debug|Any CPU = Debug|Any CPU
		Release|Any CPU = Release|Any CPU
	EndGlobalSection
	GlobalSection(ProjectConfigurationPlatforms) = postSolution
		{77594269-D1C9-4C09-9094-1FC78809516C}.Debug|Any CPU.ActiveCfg = Debug|Any CPU
		{77594269-D1C9-4C09-9094-1FC78809516C}.Debug|Any CPU.Build.0 = Debug|Any CPU
		{77594269-D1C9-4C09-9094-1FC78809516C}.Release|Any CPU.ActiveCfg = Release|Any CPU
		{77594269-D1C9-4C09-9094-1FC78809516C}.Release|Any CPU.Build.0 = Release|Any CPU
	EndGlobalSection
EndGlobal
