
Microsoft Visual Studio Solution File, Format Version 12.00
# Visual Studio Version 17
VisualStudioVersion = 17.14.36429.23 d17.14
MinimumVisualStudioVersion = 10.0.40219.1
Project("{FAE04EC0-301F-11D3-BF4B-00C04F79EFBC}") = "BlazorWebAssemblyHttpValidacion", "BlazorWebAssemblyHttpValidacion\BlazorWebAssemblyHttpValidacion\BlazorWebAssemblyHttpValidacion.csproj", "{06305234-E47C-460C-A01E-C48EE861C5A6}"
EndProject
Project("{FAE04EC0-301F-11D3-BF4B-00C04F79EFBC}") = "BlazorWebAssemblyHttpValidacion.Client", "BlazorWebAssemblyHttpValidacion\BlazorWebAssemblyHttpValidacion.Client\BlazorWebAssemblyHttpValidacion.Client.csproj", "{EDFC0521-9F4F-4C43-BABC-08FD3DCB00F2}"
EndProject
Global
	GlobalSection(SolutionConfigurationPlatforms) = preSolution
		Debug|Any CPU = Debug|Any CPU
		Release|Any CPU = Release|Any CPU
	EndGlobalSection
	GlobalSection(ProjectConfigurationPlatforms) = postSolution
		{06305234-E47C-460C-A01E-C48EE861C5A6}.Debug|Any CPU.ActiveCfg = Debug|Any CPU
		{06305234-E47C-460C-A01E-C48EE861C5A6}.Debug|Any CPU.Build.0 = Debug|Any CPU
		{06305234-E47C-460C-A01E-C48EE861C5A6}.Release|Any CPU.ActiveCfg = Release|Any CPU
		{06305234-E47C-460C-A01E-C48EE861C5A6}.Release|Any CPU.Build.0 = Release|Any CPU
		{EDFC0521-9F4F-4C43-BABC-08FD3DCB00F2}.Debug|Any CPU.ActiveCfg = Debug|Any CPU
		{EDFC0521-9F4F-4C43-BABC-08FD3DCB00F2}.Debug|Any CPU.Build.0 = Debug|Any CPU
		{EDFC0521-9F4F-4C43-BABC-08FD3DCB00F2}.Release|Any CPU.ActiveCfg = Release|Any CPU
		{EDFC0521-9F4F-4C43-BABC-08FD3DCB00F2}.Release|Any CPU.Build.0 = Release|Any CPU
	EndGlobalSection
	GlobalSection(SolutionProperties) = preSolution
		HideSolutionNode = FALSE
	EndGlobalSection
	GlobalSection(ExtensibilityGlobals) = postSolution
		SolutionGuid = {B16F6AC6-13E6-406C-B254-FF92A6112B7A}
	EndGlobalSection
EndGlobal
