
Microsoft Visual Studio Solution File, Format Version 12.00
Project("{FAE04EC0-301F-11D3-BF4B-00C04F79EFBC}") = "AVWintory", "AVWintory\AVWintory.csproj", "{A309CA5E-1C40-4DD5-8547-EB764C48A4F9}"
EndProject
Global
	GlobalSection(SolutionConfigurationPlatforms) = preSolution
		Debug|Any CPU = Debug|Any CPU
		Release|Any CPU = Release|Any CPU
	EndGlobalSection
	GlobalSection(ProjectConfigurationPlatforms) = postSolution
		{A309CA5E-1C40-4DD5-8547-EB764C48A4F9}.Debug|Any CPU.ActiveCfg = Debug|Any CPU
		{A309CA5E-1C40-4DD5-8547-EB764C48A4F9}.Debug|Any CPU.Build.0 = Debug|Any CPU
		{A309CA5E-1C40-4DD5-8547-EB764C48A4F9}.Release|Any CPU.ActiveCfg = Release|Any CPU
		{A309CA5E-1C40-4DD5-8547-EB764C48A4F9}.Release|Any CPU.Build.0 = Release|Any CPU
	EndGlobalSection
EndGlobal
