
Microsoft Visual Studio Solution File, Format Version 12.00
# Visual Studio Version 17
VisualStudioVersion = 17.14.36414.22 d17.14
MinimumVisualStudioVersion = 10.0.40219.1
Project("{FAE04EC0-301F-11D3-BF4B-00C04F79EFBC}") = "IntentoDeHttp", "IntentoDeHttp\IntentoDeHttp.csproj", "{AFA88718-5634-438B-94E8-93325D2E8236}"
EndProject
Global
	GlobalSection(SolutionConfigurationPlatforms) = preSolution
		Debug|Any CPU = Debug|Any CPU
		Release|Any CPU = Release|Any CPU
	EndGlobalSection
	GlobalSection(ProjectConfigurationPlatforms) = postSolution
		{AFA88718-5634-438B-94E8-93325D2E8236}.Debug|Any CPU.ActiveCfg = Debug|Any CPU
		{AFA88718-5634-438B-94E8-93325D2E8236}.Debug|Any CPU.Build.0 = Debug|Any CPU
		{AFA88718-5634-438B-94E8-93325D2E8236}.Release|Any CPU.ActiveCfg = Release|Any CPU
		{AFA88718-5634-438B-94E8-93325D2E8236}.Release|Any CPU.Build.0 = Release|Any CPU
	EndGlobalSection
	GlobalSection(SolutionProperties) = preSolution
		HideSolutionNode = FALSE
	EndGlobalSection
	GlobalSection(ExtensibilityGlobals) = postSolution
		SolutionGuid = {298C6EA5-5500-4711-A126-CF12C4AD5312}
	EndGlobalSection
EndGlobal
